<?xml version="1.0" encoding="utf-8"?>
<Project ToolsVersion="4.0" xmlns="http://schemas.microsoft.com/developer/msbuild/2003">
  <ItemGroup>
    <ClCompile Include="CommandListFactory.c" />
    <ClCompile Include="main.c" />
    <ClCompile Include="WorldDataFactory.c" />
    <ClCompile Include="Source\InputProvider.c">
      <Filter>CommandHandling</Filter>
    </ClCompile>
    <ClCompile Include="Source\stdafx.c">
      <Filter>Platform</Filter>
    </ClCompile>
    <ClCompile Include="Source\CommandHandler.c">
      <Filter>CommandHandling</Filter>
    </ClCompile>
    <ClCompile Include="Source\CommandList.c">
      <Filter>CommandHandling</Filter>
    </ClCompile>
    <ClCompile Include="Source\GameFlags.c">
      <Filter>GameState</Filter>
    </ClCompile>
    <ClCompile Include="Source\GameState.c">
      <Filter>GameState</Filter>
    </ClCompile>
    <ClCompile Include="Source\GameStateFactory.c">
      <Filter>GameState</Filter>
    </ClCompile>
    <ClCompile Include="Source\DropCommandHandler.c">
      <Filter>Commands</Filter>
    </ClCompile>
    <ClCompile Include="Source\GoCommandHandler.c">
      <Filter>Commands</Filter>
    </ClCompile>
    <ClCompile Include="Source\HelpCommandHandler.c">
      <Filter>Commands</Filter>
    </ClCompile>
    <ClCompile Include="Source\InventoryCommandHandler.c">
      <Filter>Commands</Filter>
    </ClCompile>
    <ClCompile Include="Source\LookCommandHandler.c">
      <Filter>Commands</Filter>
    </ClCompile>
    <ClCompile Include="Source\QuitCommandHandler.c">
      <Filter>Commands</Filter>
    </ClCompile>
    <ClCompile Include="Source\ReadCommandHandler.c">
      <Filter>Commands</Filter>
    </ClCompile>
    <ClCompile Include="Source\SwitchCommandHandler.c">
      <Filter>Commands</Filter>
    </ClCompile>
    <ClCompile Include="Source\TakeCommandHandler.c">
      <Filter>Commands</Filter>
    </ClCompile>
    <ClCompile Include="Source\UseCommandHandler.c">
      <Filter>Commands</Filter>
    </ClCompile>
    <ClCompile Include="Source\Item.c">
      <Filter>WorldData</Filter>
    </ClCompile>
    <ClCompile Include="Source\ItemList.c">
      <Filter>WorldData</Filter>
    </ClCompile>
    <ClCompile Include="Source\Room.c">
      <Filter>WorldData</Filter>
    </ClCompile>
    <ClCompile Include="Source\RoomExit.c">
      <Filter>WorldData</Filter>
    </ClCompile>
    <ClCompile Include="Source\WorldData.c">
      <Filter>WorldData</Filter>
    </ClCompile>
    <ClCompile Include="Source\ExitDoorFunctions.c">
      <Filter>WorldData\ItemFunctions</Filter>
    </ClCompile>
    <ClCompile Include="Source\GoldPieceFunctions.c">
      <Filter>WorldData\ItemFunctions</Filter>
    </ClCompile>
    <ClCompile Include="Source\KeycardFunctions.c">
      <Filter>WorldData\ItemFunctions</Filter>
    </ClCompile>
    <ClCompile Include="Source\NotesFunctions.c">
      <Filter>WorldData\ItemFunctions</Filter>
    </ClCompile>
    <ClCompile Include="Source\SwitchFunctions.c">
      <Filter>WorldData\ItemFunctions</Filter>
    </ClCompile>
    <ClCompile Include="Source\PlayerStateFactory.c">
      <Filter>PlayerState</Filter>
    </ClCompile>
    <ClCompile Include="Source\PlayerState.c">
      <Filter>PlayerState</Filter>
    </ClCompile>
    <ClCompile Include="Source\BreathCommandHandler.c">
      <Filter>Commands</Filter>
    </ClCompile>
    <ClCompile Include="DoorFunctions.c">
      <Filter>WorldData\ItemFunctions</Filter>
    </ClCompile>
  </ItemGroup>
  <ItemGroup>
    <ClInclude Include="Source\InputProvider.h">
      <Filter>CommandHandling</Filter>
    </ClInclude>
    <ClInclude Include="Source\stdafx.h">
      <Filter>Platform</Filter>
    </ClInclude>
    <ClInclude Include="Source\targetver.h">
      <Filter>Platform</Filter>
    </ClInclude>
    <ClInclude Include="Source\CommandContext.h">
      <Filter>CommandHandling</Filter>
    </ClInclude>
    <ClInclude Include="Source\CommandData.h">
      <Filter>CommandHandling</Filter>
    </ClInclude>
    <ClInclude Include="Source\CommandHandler.h">
      <Filter>CommandHandling</Filter>
    </ClInclude>
    <ClInclude Include="Source\CommandHandlerFunctions.h">
      <Filter>CommandHandling</Filter>
    </ClInclude>
    <ClInclude Include="Source\CommandList.h">
      <Filter>CommandHandling</Filter>
    </ClInclude>
    <ClInclude Include="Source\CommandListFactory.h">
      <Filter>CommandHandling</Filter>
    </ClInclude>
    <ClInclude Include="Source\CommandTypes.h">
      <Filter>CommandHandling</Filter>
    </ClInclude>
    <ClInclude Include="Source\GameFlags.h">
      <Filter>GameState</Filter>
    </ClInclude>
    <ClInclude Include="Source\GameState.h">
      <Filter>GameState</Filter>
    </ClInclude>
    <ClInclude Include="Source\GameStateFactory.h">
      <Filter>GameState</Filter>
    </ClInclude>
    <ClInclude Include="Source\Item.h">
      <Filter>WorldData</Filter>
    </ClInclude>
    <ClInclude Include="Source\ItemList.h">
      <Filter>WorldData</Filter>
    </ClInclude>
    <ClInclude Include="Source\Room.h">
      <Filter>WorldData</Filter>
    </ClInclude>
    <ClInclude Include="Source\RoomExit.h">
      <Filter>WorldData</Filter>
    </ClInclude>
    <ClInclude Include="Source\WorldData.h">
      <Filter>WorldData</Filter>
    </ClInclude>
    <ClInclude Include="Source\WorldDataFactory.h">
      <Filter>WorldData</Filter>
    </ClInclude>
    <ClInclude Include="Source\ExitDoorFunctions.h">
      <Filter>WorldData\ItemFunctions</Filter>
    </ClInclude>
    <ClInclude Include="Source\GoldPieceFunctions.h">
      <Filter>WorldData\ItemFunctions</Filter>
    </ClInclude>
    <ClInclude Include="Source\KeycardFunctions.h">
      <Filter>WorldData\ItemFunctions</Filter>
    </ClInclude>
    <ClInclude Include="Source\NotesFunctions.h">
      <Filter>WorldData\ItemFunctions</Filter>
    </ClInclude>
    <ClInclude Include="Source\SwitchFunctions.h">
      <Filter>WorldData\ItemFunctions</Filter>
    </ClInclude>
    <ClInclude Include="Source\PlayerStateFactory.h">
      <Filter>PlayerState</Filter>
    </ClInclude>
    <ClInclude Include="Source\PlayerState.h">
      <Filter>PlayerState</Filter>
    </ClInclude>
    <ClInclude Include="DoorFunctions.h">
      <Filter>WorldData\ItemFunctions</Filter>
    </ClInclude>
  </ItemGroup>
  <ItemGroup>
    <Filter Include="Commands">
      <UniqueIdentifier>{5b6dd24a-b3d4-427f-a52e-fec37328fc7f}</UniqueIdentifier>
    </Filter>
    <Filter Include="GameState">
      <UniqueIdentifier>{25702242-8f92-430b-a8f7-c198183b9670}</UniqueIdentifier>
    </Filter>
    <Filter Include="WorldData">
      <UniqueIdentifier>{af1f35e5-44a2-4867-8a84-1181df60f99c}</UniqueIdentifier>
    </Filter>
    <Filter Include="WorldData\ItemFunctions">
      <UniqueIdentifier>{71e99e5b-ede6-4fee-a0b2-56fefa2e193f}</UniqueIdentifier>
    </Filter>
    <Filter Include="CommandHandling">
      <UniqueIdentifier>{91776e35-8561-404b-9554-b1a56fba5081}</UniqueIdentifier>
    </Filter>
    <Filter Include="Platform">
      <UniqueIdentifier>{d899d1c6-190d-4cda-b28e-0ac32f55bfda}</UniqueIdentifier>
    </Filter>
    <Filter Include="PlayerState">
      <UniqueIdentifier>{0dc6db94-cff9-47ad-a924-119e20e1baff}</UniqueIdentifier>
    </Filter>
  </ItemGroup>
</Project>